PODS:
  - Alamofire (5.5.0)
  - SwiftGen (6.5.1)
  - SwiftyJSON (4.3.0)

DEPENDENCIES:
  - Alamofire (~> 5.2)
  - SwiftGen
  - SwiftyJSON (~> 4.0)

SPEC REPOS:
  trunk:
    - Alamofire
    - SwiftGen
    - SwiftyJSON

SPEC CHECKSUMS:
  Alamofire: 1c4fb5369c3fe93d2857c780d8bbe09f06f97e7c
  SwiftGen: a6d22010845f08fe18fbdf3a07a8e380fd22e0ea
  SwiftyJSON: 6faa0040f8b59dead0ee07436cbf76b73c08fd08

PODFILE CHECKSUM: 376ddac1c28d65a180e347e86505aafadf12c9af

COCOAPODS: 1.11.2
