// !$*UTF8*$!
{
	archiveVersion = 1;
	classes = {
	};
	objectVersion = 55;
	objects = {

/* Begin PBXBuildFile section */
		0A22F926679635AFC091460F /* Pods_MovilidadSwiftUI.framework in Frameworks */ = {isa = PBXBuildFile; fileRef = 7C6A76B87BAF5C57BAF96BF0 /* Pods_MovilidadSwiftUI.framework */; };
		8038B1402785CE1600EC56BC /* HomeView.swift in Sources */ = {isa = PBXBuildFile; fileRef = 8038B13F2785CE1600EC56BC /* HomeView.swift */; };
		8038B1422785CF6200EC56BC /* LoginViewModel.swift in Sources */ = {isa = PBXBuildFile; fileRef = 8038B1412785CF6200EC56BC /* LoginViewModel.swift */; };
		8038B1452785D6A400EC56BC /* LoadingView.swift in Sources */ = {isa = PBXBuildFile; fileRef = 8038B1442785D6A400EC56BC /* LoadingView.swift */; };
		8038B1482785D7F100EC56BC /* URLs.swift in Sources */ = {isa = PBXBuildFile; fileRef = 8038B1472785D7F100EC56BC /* URLs.swift */; };
		8038B14C2785D7F800EC56BC /* ConnectionManager.swift in Sources */ = {isa = PBXBuildFile; fileRef = 8038B14A2785D7F800EC56BC /* ConnectionManager.swift */; };
		8038B14D2785D7F800EC56BC /* ConnectionManager_Auth.swift in Sources */ = {isa = PBXBuildFile; fileRef = 8038B14B2785D7F800EC56BC /* ConnectionManager_Auth.swift */; };
		8038B1552785EC0600EC56BC /* Localizable.strings in Resources */ = {isa = PBXBuildFile; fileRef = 8038B1542785EC0600EC56BC /* Localizable.strings */; };
		8038B1592785ED3400EC56BC /* Strings.swift in Sources */ = {isa = PBXBuildFile; fileRef = 8038B1572785ED3400EC56BC /* Strings.swift */; };
		8038B15A2785ED3400EC56BC /* Assets.swift in Sources */ = {isa = PBXBuildFile; fileRef = 8038B1582785ED3400EC56BC /* Assets.swift */; };
		8079FA0C2785BAFC007CCFDE /* MovilidadSwiftUIApp.swift in Sources */ = {isa = PBXBuildFile; fileRef = 8079FA0B2785BAFC007CCFDE /* MovilidadSwiftUIApp.swift */; };
		8079FA102785BAFE007CCFDE /* Assets.xcassets in Resources */ = {isa = PBXBuildFile; fileRef = 8079FA0F2785BAFE007CCFDE /* Assets.xcassets */; };
		8079FA132785BAFE007CCFDE /* Preview Assets.xcassets in Resources */ = {isa = PBXBuildFile; fileRef = 8079FA122785BAFE007CCFDE /* Preview Assets.xcassets */; };
		8079FA1A2785BBE5007CCFDE /* LoginView.swift in Sources */ = {isa = PBXBuildFile; fileRef = 8079FA192785BBE5007CCFDE /* LoginView.swift */; };
/* End PBXBuildFile section */

/* Begin PBXFileReference section */
		7C6A76B87BAF5C57BAF96BF0 /* Pods_MovilidadSwiftUI.framework */ = {isa = PBXFileReference; explicitFileType = wrapper.framework; includeInIndex = 0; path = Pods_MovilidadSwiftUI.framework; sourceTree = BUILT_PRODUCTS_DIR; };
		8038B13F2785CE1600EC56BC /* HomeView.swift */ = {isa = PBXFileReference; lastKnownFileType = sourcecode.swift; path = HomeView.swift; sourceTree = "<group>"; };
		8038B1412785CF6200EC56BC /* LoginViewModel.swift */ = {isa = PBXFileReference; lastKnownFileType = sourcecode.swift; path = LoginViewModel.swift; sourceTree = "<group>"; };
		8038B1442785D6A400EC56BC /* LoadingView.swift */ = {isa = PBXFileReference; lastKnownFileType = sourcecode.swift; path = LoadingView.swift; sourceTree = "<group>"; };
		8038B1472785D7F100EC56BC /* URLs.swift */ = {isa = PBXFileReference; fileEncoding = 4; lastKnownFileType = sourcecode.swift; path = URLs.swift; sourceTree = "<group>"; };
		8038B14A2785D7F800EC56BC /* ConnectionManager.swift */ = {isa = PBXFileReference; fileEncoding = 4; lastKnownFileType = sourcecode.swift; path = ConnectionManager.swift; sourceTree = "<group>"; };
		8038B14B2785D7F800EC56BC /* ConnectionManager_Auth.swift */ = {isa = PBXFileReference; fileEncoding = 4; lastKnownFileType = sourcecode.swift; path = ConnectionManager_Auth.swift; sourceTree = "<group>"; };
		8038B1542785EC0600EC56BC /* Localizable.strings */ = {isa = PBXFileReference; fileEncoding = 4; lastKnownFileType = text.plist.strings; path = Localizable.strings; sourceTree = SOURCE_ROOT; };
		8038B1572785ED3400EC56BC /* Strings.swift */ = {isa = PBXFileReference; fileEncoding = 4; lastKnownFileType = sourcecode.swift; path = Strings.swift; sourceTree = "<group>"; };
		8038B1582785ED3400EC56BC /* Assets.swift */ = {isa = PBXFileReference; fileEncoding = 4; lastKnownFileType = sourcecode.swift; path = Assets.swift; sourceTree = "<group>"; };
		8079FA082785BAFC007CCFDE /* MovilidadSwiftUI.app */ = {isa = PBXFileReference; explicitFileType = wrapper.application; includeInIndex = 0; path = MovilidadSwiftUI.app; sourceTree = BUILT_PRODUCTS_DIR; };
		8079FA0B2785BAFC007CCFDE /* MovilidadSwiftUIApp.swift */ = {isa = PBXFileReference; lastKnownFileType = sourcecode.swift; path = MovilidadSwiftUIApp.swift; sourceTree = "<group>"; };
		8079FA0F2785BAFE007CCFDE /* Assets.xcassets */ = {isa = PBXFileReference; lastKnownFileType = folder.assetcatalog; path = Assets.xcassets; sourceTree = "<group>"; };
		8079FA122785BAFE007CCFDE /* Preview Assets.xcassets */ = {isa = PBXFileReference; lastKnownFileType = folder.assetcatalog; path = "Preview Assets.xcassets"; sourceTree = "<group>"; };
		8079FA192785BBE5007CCFDE /* LoginView.swift */ = {isa = PBXFileReference; lastKnownFileType = sourcecode.swift; path = LoginView.swift; sourceTree = "<group>"; };
		A20EF1B1F69410AE17164B1A /* Pods-MovilidadSwiftUI.debug.xcconfig */ = {isa = PBXFileReference; includeInIndex = 1; lastKnownFileType = text.xcconfig; name = "Pods-MovilidadSwiftUI.debug.xcconfig"; path = "Target Support Files/Pods-MovilidadSwiftUI/Pods-MovilidadSwiftUI.debug.xcconfig"; sourceTree = "<group>"; };
		A8C28EFB77D7995C34870619 /* Pods-MovilidadSwiftUI.release.xcconfig */ = {isa = PBXFileReference; includeInIndex = 1; lastKnownFileType = text.xcconfig; name = "Pods-MovilidadSwiftUI.release.xcconfig"; path = "Target Support Files/Pods-MovilidadSwiftUI/Pods-MovilidadSwiftUI.release.xcconfig"; sourceTree = "<group>"; };
/* End PBXFileReference section */

/* Begin PBXFrameworksBuildPhase section */
		8079FA052785BAFC007CCFDE /* Frameworks */ = {
			isa = PBXFrameworksBuildPhase;
			buildActionMask = 2147483647;
			files = (
				0A22F926679635AFC091460F /* Pods_MovilidadSwiftUI.framework in Frameworks */,
			);
			runOnlyForDeploymentPostprocessing = 0;
		};
/* End PBXFrameworksBuildPhase section */

/* Begin PBXGroup section */
		2A9CE6580D954084694CDAFE /* Pods */ = {
			isa = PBXGroup;
			children = (
				A20EF1B1F69410AE17164B1A /* Pods-MovilidadSwiftUI.debug.xcconfig */,
				A8C28EFB77D7995C34870619 /* Pods-MovilidadSwiftUI.release.xcconfig */,
			);
			path = Pods;
			sourceTree = "<group>";
		};
		35030F74E41AF328AE415819 /* Frameworks */ = {
			isa = PBXGroup;
			children = (
				7C6A76B87BAF5C57BAF96BF0 /* Pods_MovilidadSwiftUI.framework */,
			);
			name = Frameworks;
			sourceTree = "<group>";
		};
		8038B13A2785CD9100EC56BC /* Application */ = {
			isa = PBXGroup;
			children = (
				8038B14E2785EB8400EC56BC /* Resources */,
				8079FA0B2785BAFC007CCFDE /* MovilidadSwiftUIApp.swift */,
			);
			path = Application;
			sourceTree = "<group>";
		};
		8038B13B2785CDCD00EC56BC /* Source */ = {
			isa = PBXGroup;
			children = (
				8038B1462785D7F100EC56BC /* Utilities */,
				8038B1492785D7F800EC56BC /* Connection */,
				8038B13C2785CDDC00EC56BC /* Screens */,
			);
			path = Source;
			sourceTree = "<group>";
		};
		8038B13C2785CDDC00EC56BC /* Screens */ = {
			isa = PBXGroup;
			children = (
				8038B1432785D68800EC56BC /* CustomViews */,
				8038B13D2785CDE300EC56BC /* Login */,
				8038B13E2785CDFC00EC56BC /* Home */,
			);
			path = Screens;
			sourceTree = "<group>";
		};
		8038B13D2785CDE300EC56BC /* Login */ = {
			isa = PBXGroup;
			children = (
				8038B1412785CF6200EC56BC /* LoginViewModel.swift */,
				8079FA192785BBE5007CCFDE /* LoginView.swift */,
			);
			path = Login;
			sourceTree = "<group>";
		};
		8038B13E2785CDFC00EC56BC /* Home */ = {
			isa = PBXGroup;
			children = (
				8038B13F2785CE1600EC56BC /* HomeView.swift */,
			);
			path = Home;
			sourceTree = "<group>";
		};
		8038B1432785D68800EC56BC /* CustomViews */ = {
			isa = PBXGroup;
			children = (
				8038B1442785D6A400EC56BC /* LoadingView.swift */,
			);
			path = CustomViews;
			sourceTree = "<group>";
		};
		8038B1462785D7F100EC56BC /* Utilities */ = {
			isa = PBXGroup;
			children = (
				8038B1472785D7F100EC56BC /* URLs.swift */,
			);
			path = Utilities;
			sourceTree = "<group>";
		};
		8038B1492785D7F800EC56BC /* Connection */ = {
			isa = PBXGroup;
			children = (
				8038B14A2785D7F800EC56BC /* ConnectionManager.swift */,
				8038B14B2785D7F800EC56BC /* ConnectionManager_Auth.swift */,
			);
			path = Connection;
			sourceTree = "<group>";
		};
		8038B14E2785EB8400EC56BC /* Resources */ = {
			isa = PBXGroup;
			children = (
				8038B14F2785EBDF00EC56BC /* SwiftGen */,
				8038B1542785EC0600EC56BC /* Localizable.strings */,
				8079FA0F2785BAFE007CCFDE /* Assets.xcassets */,
			);
			path = Resources;
			sourceTree = "<group>";
		};
		8038B14F2785EBDF00EC56BC /* SwiftGen */ = {
			isa = PBXGroup;
			children = (
				8038B1582785ED3400EC56BC /* Assets.swift */,
				8038B1572785ED3400EC56BC /* Strings.swift */,
			);
			path = SwiftGen;
			sourceTree = "<group>";
		};
		8079F9FF2785BAFC007CCFDE = {
			isa = PBXGroup;
			children = (
				8079FA0A2785BAFC007CCFDE /* MovilidadSwiftUI */,
				8079FA092785BAFC007CCFDE /* Products */,
				2A9CE6580D954084694CDAFE /* Pods */,
				35030F74E41AF328AE415819 /* Frameworks */,
			);
			sourceTree = "<group>";
		};
		8079FA092785BAFC007CCFDE /* Products */ = {
			isa = PBXGroup;
			children = (
				8079FA082785BAFC007CCFDE /* MovilidadSwiftUI.app */,
			);
			name = Products;
			sourceTree = "<group>";
		};
		8079FA0A2785BAFC007CCFDE /* MovilidadSwiftUI */ = {
			isa = PBXGroup;
			children = (
				8038B13A2785CD9100EC56BC /* Application */,
				8038B13B2785CDCD00EC56BC /* Source */,
				8079FA112785BAFE007CCFDE /* Preview Content */,
			);
			path = MovilidadSwiftUI;
			sourceTree = "<group>";
		};
		8079FA112785BAFE007CCFDE /* Preview Content */ = {
			isa = PBXGroup;
			children = (
				8079FA122785BAFE007CCFDE /* Preview Assets.xcassets */,
			);
			path = "Preview Content";
			sourceTree = "<group>";
		};
/* End PBXGroup section */

/* Begin PBXNativeTarget section */
		8079FA072785BAFC007CCFDE /* MovilidadSwiftUI */ = {
			isa = PBXNativeTarget;
			buildConfigurationList = 8079FA162785BAFE007CCFDE /* Build configuration list for PBXNativeTarget "MovilidadSwiftUI" */;
			buildPhases = (
				85D41834638D7D6D76B92EA6 /* [CP] Check Pods Manifest.lock */,
				8038B1562785EC1800EC56BC /* SwiftGen */,
				8079FA042785BAFC007CCFDE /* Sources */,
				8079FA052785BAFC007CCFDE /* Frameworks */,
				8079FA062785BAFC007CCFDE /* Resources */,
				B9D7F8292BF05C36FAEAF714 /* [CP] Embed Pods Frameworks */,
			);
			buildRules = (
			);
			dependencies = (
			);
			name = MovilidadSwiftUI;
			productName = MovilidadSwiftUI;
			productReference = 8079FA082785BAFC007CCFDE /* MovilidadSwiftUI.app */;
			productType = "com.apple.product-type.application";
		};
/* End PBXNativeTarget section */

/* Begin PBXProject section */
		8079FA002785BAFC007CCFDE /* Project object */ = {
			isa = PBXProject;
			attributes = {
				BuildIndependentTargetsInParallel = 1;
				LastSwiftUpdateCheck = 1320;
				LastUpgradeCheck = 1320;
				TargetAttributes = {
					8079FA072785BAFC007CCFDE = {
						CreatedOnToolsVersion = 13.2.1;
					};
				};
			};
			buildConfigurationList = 8079FA032785BAFC007CCFDE /* Build configuration list for PBXProject "MovilidadSwiftUI" */;
			compatibilityVersion = "Xcode 13.0";
			developmentRegion = en;
			hasScannedForEncodings = 0;
			knownRegions = (
				en,
				Base,
			);
			mainGroup = 8079F9FF2785BAFC007CCFDE;
			productRefGroup = 8079FA092785BAFC007CCFDE /* Products */;
			projectDirPath = "";
			projectRoot = "";
			targets = (
				8079FA072785BAFC007CCFDE /* MovilidadSwiftUI */,
			);
		};
/* End PBXProject section */

/* Begin PBXResourcesBuildPhase section */
		8079FA062785BAFC007CCFDE /* Resources */ = {
			isa = PBXResourcesBuildPhase;
			buildActionMask = 2147483647;
			files = (
				8079FA132785BAFE007CCFDE /* Preview Assets.xcassets in Resources */,
				8038B1552785EC0600EC56BC /* Localizable.strings in Resources */,
				8079FA102785BAFE007CCFDE /* Assets.xcassets in Resources */,
			);
			runOnlyForDeploymentPostprocessing = 0;
		};
/* End PBXResourcesBuildPhase section */

/* Begin PBXShellScriptBuildPhase section */
		8038B1562785EC1800EC56BC /* SwiftGen */ = {
			isa = PBXShellScriptBuildPhase;
			buildActionMask = 2147483647;
			files = (
			);
			inputFileListPaths = (
			);
			inputPaths = (
			);
			name = SwiftGen;
			outputFileListPaths = (
			);
			outputPaths = (
			);
			runOnlyForDeploymentPostprocessing = 0;
			shellPath = /bin/sh;
			shellScript = "$PODS_ROOT/SwiftGen/bin/swiftgen\n";
		};
		85D41834638D7D6D76B92EA6 /* [CP] Check Pods Manifest.lock */ = {
			isa = PBXShellScriptBuildPhase;
			buildActionMask = 2147483647;
			files = (
			);
			inputFileListPaths = (
			);
			inputPaths = (
				"${PODS_PODFILE_DIR_PATH}/Podfile.lock",
				"${PODS_ROOT}/Manifest.lock",
			);
			name = "[CP] Check Pods Manifest.lock";
			outputFileListPaths = (
			);
			outputPaths = (
				"$(DERIVED_FILE_DIR)/Pods-MovilidadSwiftUI-checkManifestLockResult.txt",
			);
			runOnlyForDeploymentPostprocessing = 0;
			shellPath = /bin/sh;
			shellScript = "diff \"${PODS_PODFILE_DIR_PATH}/Podfile.lock\" \"${PODS_ROOT}/Manifest.lock\" > /dev/null\nif [ $? != 0 ] ; then\n    # print error to STDERR\n    echo \"error: The sandbox is not in sync with the Podfile.lock. Run 'pod install' or update your CocoaPods installation.\" >&2\n    exit 1\nfi\n# This output is used by Xcode 'outputs' to avoid re-running this script phase.\necho \"SUCCESS\" > \"${SCRIPT_OUTPUT_FILE_0}\"\n";
			showEnvVarsInLog = 0;
		};
		B9D7F8292BF05C36FAEAF714 /* [CP] Embed Pods Frameworks */ = {
			isa = PBXShellScriptBuildPhase;
			buildActionMask = 2147483647;
			files = (
			);
			inputFileListPaths = (
				"${PODS_ROOT}/Target Support Files/Pods-MovilidadSwiftUI/Pods-MovilidadSwiftUI-frameworks-${CONFIGURATION}-input-files.xcfilelist",
			);
			name = "[CP] Embed Pods Frameworks";
			outputFileListPaths = (
				"${PODS_ROOT}/Target Support Files/Pods-MovilidadSwiftUI/Pods-MovilidadSwiftUI-frameworks-${CONFIGURATION}-output-files.xcfilelist",
			);
			runOnlyForDeploymentPostprocessing = 0;
			shellPath = /bin/sh;
			shellScript = "\"${PODS_ROOT}/Target Support Files/Pods-MovilidadSwiftUI/Pods-MovilidadSwiftUI-frameworks.sh\"\n";
			showEnvVarsInLog = 0;
		};
/* End PBXShellScriptBuildPhase section */

/* Begin PBXSourcesBuildPhase section */
		8079FA042785BAFC007CCFDE /* Sources */ = {
			isa = PBXSourcesBuildPhase;
			buildActionMask = 2147483647;
			files = (
				8038B1422785CF6200EC56BC /* LoginViewModel.swift in Sources */,
				8038B1592785ED3400EC56BC /* Strings.swift in Sources */,
				8038B1482785D7F100EC56BC /* URLs.swift in Sources */,
				8038B1402785CE1600EC56BC /* HomeView.swift in Sources */,
				8038B14D2785D7F800EC56BC /* ConnectionManager_Auth.swift in Sources */,
				8038B14C2785D7F800EC56BC /* ConnectionManager.swift in Sources */,
				8079FA1A2785BBE5007CCFDE /* LoginView.swift in Sources */,
				8038B1452785D6A400EC56BC /* LoadingView.swift in Sources */,
				8038B15A2785ED3400EC56BC /* Assets.swift in Sources */,
				8079FA0C2785BAFC007CCFDE /* MovilidadSwiftUIApp.swift in Sources */,
			);
			runOnlyForDeploymentPostprocessing = 0;
		};
/* End PBXSourcesBuildPhase section */

/* Begin XCBuildConfiguration section */
		8079FA142785BAFE007CCFDE /* Debug */ = {
			isa = XCBuildConfiguration;
			buildSettings = {
				ALWAYS_SEARCH_USER_PATHS = NO;
				CLANG_ANALYZER_NONNULL = YES;
				CLANG_ANALYZER_NUMBER_OBJECT_CONVERSION = YES_AGGRESSIVE;
				CLANG_CXX_LANGUAGE_STANDARD = "gnu++17";
				CLANG_CXX_LIBRARY = "libc++";
				CLANG_ENABLE_MODULES = YES;
				CLANG_ENABLE_OBJC_ARC = YES;
				CLANG_ENABLE_OBJC_WEAK = YES;
				CLANG_WARN_BLOCK_CAPTURE_AUTORELEASING = YES;
				CLANG_WARN_BOOL_CONVERSION = YES;
				CLANG_WARN_COMMA = YES;
				CLANG_WARN_CONSTANT_CONVERSION = YES;
				CLANG_WARN_DEPRECATED_OBJC_IMPLEMENTATIONS = YES;
				CLANG_WARN_DIRECT_OBJC_ISA_USAGE = YES_ERROR;
				CLANG_WARN_DOCUMENTATION_COMMENTS = YES;
				CLANG_WARN_EMPTY_BODY = YES;
				CLANG_WARN_ENUM_CONVERSION = YES;
				CLANG_WARN_INFINITE_RECURSION = YES;
				CLANG_WARN_INT_CONVERSION = YES;
				CLANG_WARN_NON_LITERAL_NULL_CONVERSION = YES;
				CLANG_WARN_OBJC_IMPLICIT_RETAIN_SELF = YES;
				CLANG_WARN_OBJC_LITERAL_CONVERSION = YES;
				CLANG_WARN_OBJC_ROOT_CLASS = YES_ERROR;
				CLANG_WARN_QUOTED_INCLUDE_IN_FRAMEWORK_HEADER = YES;
				CLANG_WARN_RANGE_LOOP_ANALYSIS = YES;
				CLANG_WARN_STRICT_PROTOTYPES = YES;
				CLANG_WARN_SUSPICIOUS_MOVE = YES;
				CLANG_WARN_UNGUARDED_AVAILABILITY = YES_AGGRESSIVE;
				CLANG_WARN_UNREACHABLE_CODE = YES;
				CLANG_WARN__DUPLICATE_METHOD_MATCH = YES;
				COPY_PHASE_STRIP = NO;
				DEBUG_INFORMATION_FORMAT = dwarf;
				ENABLE_STRICT_OBJC_MSGSEND = YES;
				ENABLE_TESTABILITY = YES;
				GCC_C_LANGUAGE_STANDARD = gnu11;
				GCC_DYNAMIC_NO_PIC = NO;
				GCC_NO_COMMON_BLOCKS = YES;
				GCC_OPTIMIZATION_LEVEL = 0;
				GCC_PREPROCESSOR_DEFINITIONS = (
					"DEBUG=1",
					"$(inherited)",
				);
				GCC_WARN_64_TO_32_BIT_CONVERSION = YES;
				GCC_WARN_ABOUT_RETURN_TYPE = YES_ERROR;
				GCC_WARN_UNDECLARED_SELECTOR = YES;
				GCC_WARN_UNINITIALIZED_AUTOS = YES_AGGRESSIVE;
				GCC_WARN_UNUSED_FUNCTION = YES;
				GCC_WARN_UNUSED_VARIABLE = YES;
				IPHONEOS_DEPLOYMENT_TARGET = 15.2;
				MTL_ENABLE_DEBUG_INFO = INCLUDE_SOURCE;
				MTL_FAST_MATH = YES;
				ONLY_ACTIVE_ARCH = YES;
				SDKROOT = iphoneos;
				SWIFT_ACTIVE_COMPILATION_CONDITIONS = DEBUG;
				SWIFT_OPTIMIZATION_LEVEL = "-Onone";
			};
			name = Debug;
		};
		8079FA152785BAFE007CCFDE /* Release */ = {
			isa = XCBuildConfiguration;
			buildSettings = {
				ALWAYS_SEARCH_USER_PATHS = NO;
				CLANG_ANALYZER_NONNULL = YES;
				CLANG_ANALYZER_NUMBER_OBJECT_CONVERSION = YES_AGGRESSIVE;
				CLANG_CXX_LANGUAGE_STANDARD = "gnu++17";
				CLANG_CXX_LIBRARY = "libc++";
				CLANG_ENABLE_MODULES = YES;
				CLANG_ENABLE_OBJC_ARC = YES;
				CLANG_ENABLE_OBJC_WEAK = YES;
				CLANG_WARN_BLOCK_CAPTURE_AUTORELEASING = YES;
				CLANG_WARN_BOOL_CONVERSION = YES;
				CLANG_WARN_COMMA = YES;
				CLANG_WARN_CONSTANT_CONVERSION = YES;
				CLANG_WARN_DEPRECATED_OBJC_IMPLEMENTATIONS = YES;
				CLANG_WARN_DIRECT_OBJC_ISA_USAGE = YES_ERROR;
				CLANG_WARN_DOCUMENTATION_COMMENTS = YES;
				CLANG_WARN_EMPTY_BODY = YES;
				CLANG_WARN_ENUM_CONVERSION = YES;
				CLANG_WARN_INFINITE_RECURSION = YES;
				CLANG_WARN_INT_CONVERSION = YES;
				CLANG_WARN_NON_LITERAL_NULL_CONVERSION = YES;
				CLANG_WARN_OBJC_IMPLICIT_RETAIN_SELF = YES;
				CLANG_WARN_OBJC_LITERAL_CONVERSION = YES;
				CLANG_WARN_OBJC_ROOT_CLASS = YES_ERROR;
				CLANG_WARN_QUOTED_INCLUDE_IN_FRAMEWORK_HEADER = YES;
				CLANG_WARN_RANGE_LOOP_ANALYSIS = YES;
				CLANG_WARN_STRICT_PROTOTYPES = YES;
				CLANG_WARN_SUSPICIOUS_MOVE = YES;
				CLANG_WARN_UNGUARDED_AVAILABILITY = YES_AGGRESSIVE;
				CLANG_WARN_UNREACHABLE_CODE = YES;
				CLANG_WARN__DUPLICATE_METHOD_MATCH = YES;
				COPY_PHASE_STRIP = NO;
				DEBUG_INFORMATION_FORMAT = "dwarf-with-dsym";
				ENABLE_NS_ASSERTIONS = NO;
				ENABLE_STRICT_OBJC_MSGSEND = YES;
				GCC_C_LANGUAGE_STANDARD = gnu11;
				GCC_NO_COMMON_BLOCKS = YES;
				GCC_WARN_64_TO_32_BIT_CONVERSION = YES;
				GCC_WARN_ABOUT_RETURN_TYPE = YES_ERROR;
				GCC_WARN_UNDECLARED_SELECTOR = YES;
				GCC_WARN_UNINITIALIZED_AUTOS = YES_AGGRESSIVE;
				GCC_WARN_UNUSED_FUNCTION = YES;
				GCC_WARN_UNUSED_VARIABLE = YES;
				IPHONEOS_DEPLOYMENT_TARGET = 15.2;
				MTL_ENABLE_DEBUG_INFO = NO;
				MTL_FAST_MATH = YES;
				SDKROOT = iphoneos;
				SWIFT_COMPILATION_MODE = wholemodule;
				SWIFT_OPTIMIZATION_LEVEL = "-O";
				VALIDATE_PRODUCT = YES;
			};
			name = Release;
		};
		8079FA172785BAFE007CCFDE /* Debug */ = {
			isa = XCBuildConfiguration;
			baseConfigurationReference = A20EF1B1F69410AE17164B1A /* Pods-MovilidadSwiftUI.debug.xcconfig */;
			buildSettings = {
				ASSETCATALOG_COMPILER_APPICON_NAME = AppIcon;
				ASSETCATALOG_COMPILER_GLOBAL_ACCENT_COLOR_NAME = AccentColor;
				CODE_SIGN_STYLE = Automatic;
				CURRENT_PROJECT_VERSION = 1;
				DEVELOPMENT_ASSET_PATHS = "\"MovilidadSwiftUI/Preview Content\"";
				DEVELOPMENT_TEAM = SW5P4992BW;
				ENABLE_PREVIEWS = YES;
				GENERATE_INFOPLIST_FILE = YES;
				INFOPLIST_KEY_UIApplicationSceneManifest_Generation = YES;
				INFOPLIST_KEY_UIApplicationSupportsIndirectInputEvents = YES;
				INFOPLIST_KEY_UILaunchScreen_Generation = YES;
				INFOPLIST_KEY_UISupportedInterfaceOrientations_iPad = "UIInterfaceOrientationPortrait UIInterfaceOrientationPortraitUpsideDown UIInterfaceOrientationLandscapeLeft UIInterfaceOrientationLandscapeRight";
				INFOPLIST_KEY_UISupportedInterfaceOrientations_iPhone = "UIInterfaceOrientationPortrait UIInterfaceOrientationLandscapeLeft UIInterfaceOrientationLandscapeRight";
				LD_RUNPATH_SEARCH_PATHS = (
					"$(inherited)",
					"@executable_path/Frameworks",
				);
				MARKETING_VERSION = 1.0;
				PRODUCT_BUNDLE_IDENTIFIER = Diego.MovilidadSwiftUI;
				PRODUCT_NAME = "$(TARGET_NAME)";
				SWIFT_EMIT_LOC_STRINGS = YES;
				SWIFT_VERSION = 5.0;
				TARGETED_DEVICE_FAMILY = "1,2";
			};
			name = Debug;
		};
		8079FA182785BAFE007CCFDE /* Release */ = {
			isa = XCBuildConfiguration;
			baseConfigurationReference = A8C28EFB77D7995C34870619 /* Pods-MovilidadSwiftUI.release.xcconfig */;
			buildSettings = {
				ASSETCATALOG_COMPILER_APPICON_NAME = AppIcon;
				ASSETCATALOG_COMPILER_GLOBAL_ACCENT_COLOR_NAME = AccentColor;
				CODE_SIGN_STYLE = Automatic;
				CURRENT_PROJECT_VERSION = 1;
				DEVELOPMENT_ASSET_PATHS = "\"MovilidadSwiftUI/Preview Content\"";
				DEVELOPMENT_TEAM = SW5P4992BW;
				ENABLE_PREVIEWS = YES;
				GENERATE_INFOPLIST_FILE = YES;
				INFOPLIST_KEY_UIApplicationSceneManifest_Generation = YES;
				INFOPLIST_KEY_UIApplicationSupportsIndirectInputEvents = YES;
				INFOPLIST_KEY_UILaunchScreen_Generation = YES;
				INFOPLIST_KEY_UISupportedInterfaceOrientations_iPad = "UIInterfaceOrientationPortrait UIInterfaceOrientationPortraitUpsideDown UIInterfaceOrientationLandscapeLeft UIInterfaceOrientationLandscapeRight";
				INFOPLIST_KEY_UISupportedInterfaceOrientations_iPhone = "UIInterfaceOrientationPortrait UIInterfaceOrientationLandscapeLeft UIInterfaceOrientationLandscapeRight";
				LD_RUNPATH_SEARCH_PATHS = (
					"$(inherited)",
					"@executable_path/Frameworks",
				);
				MARKETING_VERSION = 1.0;
				PRODUCT_BUNDLE_IDENTIFIER = Diego.MovilidadSwiftUI;
				PRODUCT_NAME = "$(TARGET_NAME)";
				SWIFT_EMIT_LOC_STRINGS = YES;
				SWIFT_VERSION = 5.0;
				TARGETED_DEVICE_FAMILY = "1,2";
			};
			name = Release;
		};
/* End XCBuildConfiguration section */

/* Begin XCConfigurationList section */
		8079FA032785BAFC007CCFDE /* Build configuration list for PBXProject "MovilidadSwiftUI" */ = {
			isa = XCConfigurationList;
			buildConfigurations = (
				8079FA142785BAFE007CCFDE /* Debug */,
				8079FA152785BAFE007CCFDE /* Release */,
			);
			defaultConfigurationIsVisible = 0;
			defaultConfigurationName = Release;
		};
		8079FA162785BAFE007CCFDE /* Build configuration list for PBXNativeTarget "MovilidadSwiftUI" */ = {
			isa = XCConfigurationList;
			buildConfigurations = (
				8079FA172785BAFE007CCFDE /* Debug */,
				8079FA182785BAFE007CCFDE /* Release */,
			);
			defaultConfigurationIsVisible = 0;
			defaultConfigurationName = Release;
		};
/* End XCConfigurationList section */
	};
	rootObject = 8079FA002785BAFC007CCFDE /* Project object */;
}
